
Microsoft Visual Studio Solution File, Format Version 12.00
# Visual Studio Version 17
VisualStudioVersion = 17.5.33627.172
MinimumVisualStudioVersion = 10.0.40219.1
Project("{FAE04EC0-301F-11D3-BF4B-00C04F79EFBC}") = "bakend", "bakend\bakend.csproj", "{6F37BE41-7008-48AA-9AE6-352EED55F653}"
EndProject
Global
	GlobalSection(SolutionConfigurationPlatforms) = preSolution
		Debug|Any CPU = Debug|Any CPU
		Release|Any CPU = Release|Any CPU
	EndGlobalSection
	GlobalSection(ProjectConfigurationPlatforms) = postSolution
		{6F37BE41-7008-48AA-9AE6-352EED55F653}.Debug|Any CPU.ActiveCfg = Debug|Any CPU
		{6F37BE41-7008-48AA-9AE6-352EED55F653}.Debug|Any CPU.Build.0 = Debug|Any CPU
		{6F37BE41-7008-48AA-9AE6-352EED55F653}.Release|Any CPU.ActiveCfg = Release|Any CPU
		{6F37BE41-7008-48AA-9AE6-352EED55F653}.Release|Any CPU.Build.0 = Release|Any CPU
	EndGlobalSection
	GlobalSection(SolutionProperties) = preSolution
		HideSolutionNode = FALSE
	EndGlobalSection
	GlobalSection(ExtensibilityGlobals) = postSolution
		SolutionGuid = {E5A38330-E10B-499B-99D9-42FE6F566C42}
	EndGlobalSection
EndGlobal
